github.com/creack/pty v1.1.9/go.mod h1:oKZEueFk5CKHvIhNR5MUki03XCEU+Q6VDXinZuGJ33E=
github.com/go-git/go-billy/v5 v5.4.1 h1:Uwp5tDRkPr+l/TnbHOQzp+tmJfLceOlbVucgpTz8ix4=
github.com/go-git/go-billy/v5 v5.4.1/go.mod h1:vjbugF6Fz7JIflbVpl1hJsGjSHNltrSw45YK/ukIvQg=
github.com/google/uuid v1.3.1 h1:KjJaJ9iWZ3jOFZIf1Lqf4laDRCasjl0BCmnEGxkdLb4=
github.com/google/uuid v1.3.1/go.mod h1:TIyPZe4MgqvfeYDBFedMoGGpEw/LqOeaOT+nhxU+yHo=
github.com/hashicorp/golang-lru/v2 v2.0.5 h1:wW7h1TG88eUIJ2i69gaE3uNVtEPIagzhGvHgwfx2Vm4=
github.com/hashicorp/golang-lru/v2 v2.0.5/go.mod h1:QeFd9opnmA6QUJc5vARoKUSoFhyfM2/ZepoAG6RGpeM=
github.com/kr/pretty v0.2.1/go.mod h1:ipq/a2n7PKx3OHsz4KJII5eveXtPO4qwEXGdVfWzfnI=
github.com/kr/pty v1.1.1/go.mod h1:pFQYn66WHrOpPYNljwOMqo10TkYh1fy3cYio2l3bCsQ=
github.com/kr/text v0.1.0/go.mod h1:4Jbv+DJW3UT/LiOwJeYQe1efqtUx/iVham/4vfdArNI=
github.com/kr/text v0.2.0/go.mod h1:eLer722TekiGuMkidMxC/pM04lWEeraHUUmBw8l2grE=
github.com/niemeyer/pretty v0.0.0-20200227124842-a10e7caefd8e/go.mod h1:zD1mROLANZcx1PVRCS0qkT7pwLkGfwJo4zjcN/Tysno=
github.com/rasky/go-xdr v0.0.0-20170124162913-1a41d1a06c93 h1:UVArwN/wkKjMVhh2EQGC0tEc1+FqiLlvYXY5mQ2f8Wg=
github.com/rasky/go-xdr v0.0.0-20170124162913-1a41d1a06c93/go.mod h1:Nfe4efndBz4TibWycNE+lqyJZiMX4ycx+QKV8Ta0f/o=
github.com/willscott/go-nfs v0.0.0-20230907145631-41b369691e46 h1:9dp+1bZsWG82VUuGeMPIT5JWzWpenWF9eSe2/N/dbCA=
github.com/willscott/go-nfs v0.0.0-20230907145631-41b369691e46/go.mod h1:1PiZswSlNu7GfHMWekF6rF1I94c8E0p+Cwbz7px1D14=
github.com/willscott/go-nfs v0.0.0-20231024035845-2b12fc2f870f h1:3YkPdnvK+b6IENeV13N9DM0RLcRH3hm3iXc0tpRggAM=
github.com/willscott/go-nfs v0.0.0-20231024035845-2b12fc2f870f/go.mod h1:K/Uur3LzI7N6nYSvwtniNvio1bNsNvIBz8v9TeU+R/k=
github.com/willscott/go-nfs v0.0.0-20231024182844-ccc7143570a1 h1:lEJecePV+Qm+dk6XBNMsbiszpa02tsOQs6WvT2+AU5Y=
github.com/willscott/go-nfs v0.0.0-20231024182844-ccc7143570a1/go.mod h1:K/Uur3LzI7N6nYSvwtniNvio1bNsNvIBz8v9TeU+R/k=
github.com/willscott/go-nfs-client v0.0.0-20200605172546-271fa9065b33 h1:Wd8wdpRzPXskyHvZLyw7Wc1fp5oCE2mhBCj7bAiibUs=
github.com/willscott/go-nfs-client v0.0.0-20200605172546-271fa9065b33/go.mod h1:cOUKSNty+RabZqKhm5yTJT5Vq/Fe83ZRWAJ5Kj8nRes=
github.com/zema1/go-nfs-client v0.0.0-20200604081958-0cf942f0e0fe/go.mod h1:im3CVJ32XM3+E+2RhY0sa5IVJVQehUrX0oE1wX4xOwU=
golang.org/x/sys v0.3.0 h1:w8ZOecv6NaNa/zC8944JTU3vz4u6Lagfk4RPQxv92NQ=
golang.org/x/sys v0.3.0/go.mod h1:oPkhp1MJrh7nUepCBck5+mAzfO9JrbApNNgaTdGDITg=
gopkg.in/check.v1 v1.0.0-20201130134442-10cb98267c6c/go.mod h1:JHkPIbrfpd72SG/EVd6muEfDQjcINNoR0C8j2r3qZ4Q=
